<?xml version="1.0" encoding="utf-8"?>
<Project ToolsVersion="4.0" xmlns="http://schemas.microsoft.com/developer/msbuild/2003">
  <ItemGroup>
    <Filter Include="Resource Files">
      <UniqueIdentifier>{67DA6AB6-F800-4c08-8B7A-83BB121AAD01}</UniqueIdentifier>
      <Extensions>rc;ico;cur;bmp;dlg;rc2;rct;bin;rgs;gif;jpg;jpeg;jpe;resx;tiff;tif;png;wav;mfcribbon-ms</Extensions>
    </Filter>
    <Filter Include="Source Files">
      <UniqueIdentifier>{34833257-5d73-4861-a846-68528bde5d6b}</UniqueIdentifier>
    </Filter>
    <Filter Include="Header Files">
      <UniqueIdentifier>{a67bc2f9-3a1f-40f0-b0ee-de3f61d41498}</UniqueIdentifier>
    </Filter>
  </ItemGroup>
  <ItemGroup>
    <ClCompile Include="src\arena.cpp">
      <Filter>Source Files</Filter>
    </ClCompile>
    <ClCompile Include="src\buffer.cpp">
      <Filter>Source Files</Filter>
    </ClCompile>
    <ClCompile Include="src\engine.cpp">
      <Filter>Source Files</Filter>
    </ClCompile>
    <ClCompile Include="src\light.cpp">
      <Filter>Source Files</Filter>
    </ClCompile>
    <ClCompile Include="src\math.cpp">
      <Filter>Source Files</Filter>
    </ClCompile>
    <ClCompile Include="src\spatial.cpp">
      <Filter>Source Files</Filter>
    </ClCompile>
    <ClCompile Include="bindings.cpp">
      <Filter>Source Files</Filter>
    </ClCompile>
    <ClCompile Include="src\material.cpp">
      <Filter>Source Files</Filter>
    </ClCompile>
  </ItemGroup>
  <ItemGroup>
    <ClInclude Include="include\arena.h">
      <Filter>Header Files</Filter>
    </ClInclude>
    <ClInclude Include="include\buffer.h">
      <Filter>Header Files</Filter>
    </ClInclude>
    <ClInclude Include="include\engine.h">
      <Filter>Header Files</Filter>
    </ClInclude>
    <ClInclude Include="include\light.h">
      <Filter>Header Files</Filter>
    </ClInclude>
    <ClInclude Include="include\matrix.h">
      <Filter>Header Files</Filter>
    </ClInclude>
    <ClInclude Include="include\spatial.h">
      <Filter>Header Files</Filter>
    </ClInclude>
    <ClInclude Include="include\material.h">
      <Filter>Header Files</Filter>
    </ClInclude>
    <ClInclude Include="include\render.cuh">
      <Filter>Header Files</Filter>
    </ClInclude>
  </ItemGroup>
  <ItemGroup>
    <CudaCompile Include="src\render.cu">
      <Filter>Source Files</Filter>
    </CudaCompile>
  </ItemGroup>
</Project>